
Microsoft Visual Studio Solution File, Format Version 12.00
# Visual Studio Version 17
VisualStudioVersion = 17.0.32112.339
MinimumVisualStudioVersion = 10.0.40219.1
Project("{FAE04EC0-301F-11D3-BF4B-00C04F79EFBC}") = "Base_de_la_prog", "Base_de_la_prog\Base_de_la_prog.csproj", "{63E069DD-5750-408B-AE47-5E2F7C8993AF}"
EndProject
Global
	GlobalSection(SolutionConfigurationPlatforms) = preSolution
		Debug|Any CPU = Debug|Any CPU
		Release|Any CPU = Release|Any CPU
	EndGlobalSection
	GlobalSection(ProjectConfigurationPlatforms) = postSolution
		{63E069DD-5750-408B-AE47-5E2F7C8993AF}.Debug|Any CPU.ActiveCfg = Debug|Any CPU
		{63E069DD-5750-408B-AE47-5E2F7C8993AF}.Debug|Any CPU.Build.0 = Debug|Any CPU
		{63E069DD-5750-408B-AE47-5E2F7C8993AF}.Release|Any CPU.ActiveCfg = Release|Any CPU
		{63E069DD-5750-408B-AE47-5E2F7C8993AF}.Release|Any CPU.Build.0 = Release|Any CPU
	EndGlobalSection
	GlobalSection(SolutionProperties) = preSolution
		HideSolutionNode = FALSE
	EndGlobalSection
	GlobalSection(ExtensibilityGlobals) = postSolution
		SolutionGuid = {70803788-03B6-47CE-A568-F2BBAE061BBB}
	EndGlobalSection
EndGlobal
